
Microsoft Visual Studio Solution File, Format Version 12.00
# Visual Studio Version 17
VisualStudioVersion = 17.11.35222.181
MinimumVisualStudioVersion = 10.0.40219.1
Project("{FAE04EC0-301F-11D3-BF4B-00C04F79EFBC}") = "TrangAdmin", "TrangAdmin\TrangAdmin.csproj", "{15D16760-70E3-4CAF-9E3F-AA5F78DF3BC6}"
EndProject
Global
	GlobalSection(SolutionConfigurationPlatforms) = preSolution
		Debug|Any CPU = Debug|Any CPU
		Release|Any CPU = Release|Any CPU
	EndGlobalSection
	GlobalSection(ProjectConfigurationPlatforms) = postSolution
		{15D16760-70E3-4CAF-9E3F-AA5F78DF3BC6}.Debug|Any CPU.ActiveCfg = Debug|Any CPU
		{15D16760-70E3-4CAF-9E3F-AA5F78DF3BC6}.Debug|Any CPU.Build.0 = Debug|Any CPU
		{15D16760-70E3-4CAF-9E3F-AA5F78DF3BC6}.Release|Any CPU.ActiveCfg = Release|Any CPU
		{15D16760-70E3-4CAF-9E3F-AA5F78DF3BC6}.Release|Any CPU.Build.0 = Release|Any CPU
	EndGlobalSection
	GlobalSection(SolutionProperties) = preSolution
		HideSolutionNode = FALSE
	EndGlobalSection
	GlobalSection(ExtensibilityGlobals) = postSolution
		SolutionGuid = {B857CC2F-62A5-4B65-90E7-66096F4B216A}
	EndGlobalSection
EndGlobal
